
Microsoft Visual Studio Solution File, Format Version 12.00
# Visual Studio 15
Project("{FAE04EC0-301F-11D3-BF4B-00C04F79EFBC}") = "Course12", "Course12\Course12.csproj", "{E2854493-B7ED-4FF7-902A-15FA82451C15}"
EndProject
Global
	GlobalSection(SolutionConfigurationPlatforms) = preSolution
		Debug|Any CPU = Debug|Any CPU
		Release|Any CPU = Release|Any CPU
	EndGlobalSection
	GlobalSection(ProjectConfigurationPlatforms) = postSolution
		{E2854493-B7ED-4FF7-902A-15FA82451C15}.Debug|Any CPU.ActiveCfg = Debug|Any CPU
		{E2854493-B7ED-4FF7-902A-15FA82451C15}.Debug|Any CPU.Build.0 = Debug|Any CPU
		{E2854493-B7ED-4FF7-902A-15FA82451C15}.Release|Any CPU.ActiveCfg = Release|Any CPU
		{E2854493-B7ED-4FF7-902A-15FA82451C15}.Release|Any CPU.Build.0 = Release|Any CPU
	EndGlobalSection
EndGlobal
